
Microsoft Visual Studio Solution File, Format Version 12.00
# Visual Studio Version 17
VisualStudioVersion = 17.8.34525.116
MinimumVisualStudioVersion = 10.0.40219.1
Project("{FAE04EC0-301F-11D3-BF4B-00C04F79EFBC}") = "AutoMapperSample", "AutoMapperSample\AutoMapperSample.csproj", "{ABA23133-842A-45D4-A8FE-FEA944B4B7C5}"
EndProject
Global
	GlobalSection(SolutionConfigurationPlatforms) = preSolution
		Debug|Any CPU = Debug|Any CPU
		Release|Any CPU = Release|Any CPU
	EndGlobalSection
	GlobalSection(ProjectConfigurationPlatforms) = postSolution
		{ABA23133-842A-45D4-A8FE-FEA944B4B7C5}.Debug|Any CPU.ActiveCfg = Debug|Any CPU
		{ABA23133-842A-45D4-A8FE-FEA944B4B7C5}.Debug|Any CPU.Build.0 = Debug|Any CPU
		{ABA23133-842A-45D4-A8FE-FEA944B4B7C5}.Release|Any CPU.ActiveCfg = Release|Any CPU
		{ABA23133-842A-45D4-A8FE-FEA944B4B7C5}.Release|Any CPU.Build.0 = Release|Any CPU
	EndGlobalSection
	GlobalSection(SolutionProperties) = preSolution
		HideSolutionNode = FALSE
	EndGlobalSection
	GlobalSection(ExtensibilityGlobals) = postSolution
		SolutionGuid = {FC584CA8-B7A6-4024-B1B3-AC527D7B32B1}
	EndGlobalSection
EndGlobal
